
Microsoft Visual Studio Solution File, Format Version 12.00
# Visual Studio Version 16
VisualStudioVersion = 16.0.33130.400
MinimumVisualStudioVersion = 10.0.40219.1
Project("{FAE04EC0-301F-11D3-BF4B-00C04F79EFBC}") = "IdentityDemo", "IdentityDemo\IdentityDemo.csproj", "{A171E299-BE3F-44BA-88BD-69505A6F96C6}"
EndProject
Global
	GlobalSection(SolutionConfigurationPlatforms) = preSolution
		Debug|Any CPU = Debug|Any CPU
		Release|Any CPU = Release|Any CPU
	EndGlobalSection
	GlobalSection(ProjectConfigurationPlatforms) = postSolution
		{A171E299-BE3F-44BA-88BD-69505A6F96C6}.Debug|Any CPU.ActiveCfg = Debug|Any CPU
		{A171E299-BE3F-44BA-88BD-69505A6F96C6}.Debug|Any CPU.Build.0 = Debug|Any CPU
		{A171E299-BE3F-44BA-88BD-69505A6F96C6}.Release|Any CPU.ActiveCfg = Release|Any CPU
		{A171E299-BE3F-44BA-88BD-69505A6F96C6}.Release|Any CPU.Build.0 = Release|Any CPU
	EndGlobalSection
	GlobalSection(SolutionProperties) = preSolution
		HideSolutionNode = FALSE
	EndGlobalSection
	GlobalSection(ExtensibilityGlobals) = postSolution
		SolutionGuid = {CDDB5DEB-01B3-4129-8483-9C4B02AC7BD4}
	EndGlobalSection
EndGlobal
