
Microsoft Visual Studio Solution File, Format Version 12.00
# Visual Studio Version 16
VisualStudioVersion = 16.0.33130.400
MinimumVisualStudioVersion = 10.0.40219.1
Project("{FAE04EC0-301F-11D3-BF4B-00C04F79EFBC}") = "MVC_AREA_VALIDATION", "MVC_AREA_VALIDATION\MVC_AREA_VALIDATION.csproj", "{20C29EE7-8987-4A8C-A768-AEDC2D87F7FD}"
EndProject
Global
	GlobalSection(SolutionConfigurationPlatforms) = preSolution
		Debug|Any CPU = Debug|Any CPU
		Release|Any CPU = Release|Any CPU
	EndGlobalSection
	GlobalSection(ProjectConfigurationPlatforms) = postSolution
		{20C29EE7-8987-4A8C-A768-AEDC2D87F7FD}.Debug|Any CPU.ActiveCfg = Debug|Any CPU
		{20C29EE7-8987-4A8C-A768-AEDC2D87F7FD}.Debug|Any CPU.Build.0 = Debug|Any CPU
		{20C29EE7-8987-4A8C-A768-AEDC2D87F7FD}.Release|Any CPU.ActiveCfg = Release|Any CPU
		{20C29EE7-8987-4A8C-A768-AEDC2D87F7FD}.Release|Any CPU.Build.0 = Release|Any CPU
	EndGlobalSection
	GlobalSection(SolutionProperties) = preSolution
		HideSolutionNode = FALSE
	EndGlobalSection
	GlobalSection(ExtensibilityGlobals) = postSolution
		SolutionGuid = {31A601CB-D40B-4498-86EA-B5A9A1C4DE10}
	EndGlobalSection
EndGlobal
