
Microsoft Visual Studio Solution File, Format Version 12.00
# Visual Studio Version 16
VisualStudioVersion = 16.0.33130.400
MinimumVisualStudioVersion = 10.0.40219.1
Project("{FAE04EC0-301F-11D3-BF4B-00C04F79EFBC}") = "DEMO_DAY_1", "DEMO_DAY_1\DEMO_DAY_1.csproj", "{DCFE1B1D-1354-4F0E-82D3-C42AFC1139A1}"
EndProject
Global
	GlobalSection(SolutionConfigurationPlatforms) = preSolution
		Debug|Any CPU = Debug|Any CPU
		Release|Any CPU = Release|Any CPU
	EndGlobalSection
	GlobalSection(ProjectConfigurationPlatforms) = postSolution
		{DCFE1B1D-1354-4F0E-82D3-C42AFC1139A1}.Debug|Any CPU.ActiveCfg = Debug|Any CPU
		{DCFE1B1D-1354-4F0E-82D3-C42AFC1139A1}.Debug|Any CPU.Build.0 = Debug|Any CPU
		{DCFE1B1D-1354-4F0E-82D3-C42AFC1139A1}.Release|Any CPU.ActiveCfg = Release|Any CPU
		{DCFE1B1D-1354-4F0E-82D3-C42AFC1139A1}.Release|Any CPU.Build.0 = Release|Any CPU
	EndGlobalSection
	GlobalSection(SolutionProperties) = preSolution
		HideSolutionNode = FALSE
	EndGlobalSection
	GlobalSection(ExtensibilityGlobals) = postSolution
		SolutionGuid = {E7E41068-9E62-4519-8331-A72651C26E11}
	EndGlobalSection
EndGlobal
