
Microsoft Visual Studio Solution File, Format Version 12.00
# Visual Studio Version 16
VisualStudioVersion = 16.0.33130.400
MinimumVisualStudioVersion = 10.0.40219.1
Project("{FAE04EC0-301F-11D3-BF4B-00C04F79EFBC}") = "MVC_DEMO_2", "MVC_DEMO_2\MVC_DEMO_2.csproj", "{48A377BE-E636-4798-AB52-00771F923CBC}"
EndProject
Global
	GlobalSection(SolutionConfigurationPlatforms) = preSolution
		Debug|Any CPU = Debug|Any CPU
		Release|Any CPU = Release|Any CPU
	EndGlobalSection
	GlobalSection(ProjectConfigurationPlatforms) = postSolution
		{48A377BE-E636-4798-AB52-00771F923CBC}.Debug|Any CPU.ActiveCfg = Debug|Any CPU
		{48A377BE-E636-4798-AB52-00771F923CBC}.Debug|Any CPU.Build.0 = Debug|Any CPU
		{48A377BE-E636-4798-AB52-00771F923CBC}.Release|Any CPU.ActiveCfg = Release|Any CPU
		{48A377BE-E636-4798-AB52-00771F923CBC}.Release|Any CPU.Build.0 = Release|Any CPU
	EndGlobalSection
	GlobalSection(SolutionProperties) = preSolution
		HideSolutionNode = FALSE
	EndGlobalSection
	GlobalSection(ExtensibilityGlobals) = postSolution
		SolutionGuid = {CD9AE77E-9DC7-493A-ACA2-B9508CE08787}
	EndGlobalSection
EndGlobal
