
Microsoft Visual Studio Solution File, Format Version 12.00
# Visual Studio Version 16
VisualStudioVersion = 16.0.33130.400
MinimumVisualStudioVersion = 10.0.40219.1
Project("{FAE04EC0-301F-11D3-BF4B-00C04F79EFBC}") = "BookLibraryCRUD", "BookLibraryCRUD\BookLibraryCRUD.csproj", "{40803289-EA55-489C-838C-0D432666FE10}"
EndProject
Global
	GlobalSection(SolutionConfigurationPlatforms) = preSolution
		Debug|Any CPU = Debug|Any CPU
		Release|Any CPU = Release|Any CPU
	EndGlobalSection
	GlobalSection(ProjectConfigurationPlatforms) = postSolution
		{40803289-EA55-489C-838C-0D432666FE10}.Debug|Any CPU.ActiveCfg = Debug|Any CPU
		{40803289-EA55-489C-838C-0D432666FE10}.Debug|Any CPU.Build.0 = Debug|Any CPU
		{40803289-EA55-489C-838C-0D432666FE10}.Release|Any CPU.ActiveCfg = Release|Any CPU
		{40803289-EA55-489C-838C-0D432666FE10}.Release|Any CPU.Build.0 = Release|Any CPU
	EndGlobalSection
	GlobalSection(SolutionProperties) = preSolution
		HideSolutionNode = FALSE
	EndGlobalSection
	GlobalSection(ExtensibilityGlobals) = postSolution
		SolutionGuid = {AB04FBAC-A34A-4A3F-9347-9AB6A11DE4ED}
	EndGlobalSection
EndGlobal
