
Microsoft Visual Studio Solution File, Format Version 12.00
# Visual Studio Version 16
VisualStudioVersion = 16.0.32929.386
MinimumVisualStudioVersion = 10.0.40219.1
Project("{FAE04EC0-301F-11D3-BF4B-00C04F79EFBC}") = "First", "First\First.csproj", "{461BAEF8-C181-44AA-B73A-501947604744}"
EndProject
Global
	GlobalSection(SolutionConfigurationPlatforms) = preSolution
		Debug|Any CPU = Debug|Any CPU
		Release|Any CPU = Release|Any CPU
	EndGlobalSection
	GlobalSection(ProjectConfigurationPlatforms) = postSolution
		{461BAEF8-C181-44AA-B73A-501947604744}.Debug|Any CPU.ActiveCfg = Debug|Any CPU
		{461BAEF8-C181-44AA-B73A-501947604744}.Debug|Any CPU.Build.0 = Debug|Any CPU
		{461BAEF8-C181-44AA-B73A-501947604744}.Release|Any CPU.ActiveCfg = Release|Any CPU
		{461BAEF8-C181-44AA-B73A-501947604744}.Release|Any CPU.Build.0 = Release|Any CPU
	EndGlobalSection
	GlobalSection(SolutionProperties) = preSolution
		HideSolutionNode = FALSE
	EndGlobalSection
	GlobalSection(ExtensibilityGlobals) = postSolution
		SolutionGuid = {84DE87E1-943B-4297-95F4-552B533135DB}
	EndGlobalSection
EndGlobal
