
Microsoft Visual Studio Solution File, Format Version 12.00
# Visual Studio Version 16
VisualStudioVersion = 16.0.32929.386
MinimumVisualStudioVersion = 10.0.40219.1
Project("{FAE04EC0-301F-11D3-BF4B-00C04F79EFBC}") = "Demo3", "Demo3\Demo3.csproj", "{CD247EE9-6C4A-498B-B8F0-7AF4069C1813}"
EndProject
Global
	GlobalSection(SolutionConfigurationPlatforms) = preSolution
		Debug|Any CPU = Debug|Any CPU
		Release|Any CPU = Release|Any CPU
	EndGlobalSection
	GlobalSection(ProjectConfigurationPlatforms) = postSolution
		{CD247EE9-6C4A-498B-B8F0-7AF4069C1813}.Debug|Any CPU.ActiveCfg = Debug|Any CPU
		{CD247EE9-6C4A-498B-B8F0-7AF4069C1813}.Debug|Any CPU.Build.0 = Debug|Any CPU
		{CD247EE9-6C4A-498B-B8F0-7AF4069C1813}.Release|Any CPU.ActiveCfg = Release|Any CPU
		{CD247EE9-6C4A-498B-B8F0-7AF4069C1813}.Release|Any CPU.Build.0 = Release|Any CPU
	EndGlobalSection
	GlobalSection(SolutionProperties) = preSolution
		HideSolutionNode = FALSE
	EndGlobalSection
	GlobalSection(ExtensibilityGlobals) = postSolution
		SolutionGuid = {FE36484E-E314-4145-B4EE-B7D8D4B586CA}
	EndGlobalSection
EndGlobal
