
Microsoft Visual Studio Solution File, Format Version 12.00
# Visual Studio Version 16
VisualStudioVersion = 16.0.32929.386
MinimumVisualStudioVersion = 10.0.40219.1
Project("{FAE04EC0-301F-11D3-BF4B-00C04F79EFBC}") = "EF4", "EF4\EF4.csproj", "{3983C324-D9EA-4FF0-83F1-85BC1459DD83}"
EndProject
Global
	GlobalSection(SolutionConfigurationPlatforms) = preSolution
		Debug|Any CPU = Debug|Any CPU
		Release|Any CPU = Release|Any CPU
	EndGlobalSection
	GlobalSection(ProjectConfigurationPlatforms) = postSolution
		{3983C324-D9EA-4FF0-83F1-85BC1459DD83}.Debug|Any CPU.ActiveCfg = Debug|Any CPU
		{3983C324-D9EA-4FF0-83F1-85BC1459DD83}.Debug|Any CPU.Build.0 = Debug|Any CPU
		{3983C324-D9EA-4FF0-83F1-85BC1459DD83}.Release|Any CPU.ActiveCfg = Release|Any CPU
		{3983C324-D9EA-4FF0-83F1-85BC1459DD83}.Release|Any CPU.Build.0 = Release|Any CPU
	EndGlobalSection
	GlobalSection(SolutionProperties) = preSolution
		HideSolutionNode = FALSE
	EndGlobalSection
	GlobalSection(ExtensibilityGlobals) = postSolution
		SolutionGuid = {19E7F2D6-4F93-4EF5-8D4F-B26DFEFAE40A}
	EndGlobalSection
EndGlobal
